
Microsoft Visual Studio Solution File, Format Version 12.00
# Visual Studio Version 17
VisualStudioVersion = 17.10.34607.79
MinimumVisualStudioVersion = 10.0.40219.1
Project("{FAE04EC0-301F-11D3-BF4B-00C04F79EFBC}") = "Desafio 2", "Desafio 2\Desafio 2.csproj", "{0BB2C725-F895-48C1-A520-A0BCB53C1807}"
EndProject
Global
	GlobalSection(SolutionConfigurationPlatforms) = preSolution
		Debug|Any CPU = Debug|Any CPU
		Release|Any CPU = Release|Any CPU
	EndGlobalSection
	GlobalSection(ProjectConfigurationPlatforms) = postSolution
		{0BB2C725-F895-48C1-A520-A0BCB53C1807}.Debug|Any CPU.ActiveCfg = Debug|Any CPU
		{0BB2C725-F895-48C1-A520-A0BCB53C1807}.Debug|Any CPU.Build.0 = Debug|Any CPU
		{0BB2C725-F895-48C1-A520-A0BCB53C1807}.Release|Any CPU.ActiveCfg = Release|Any CPU
		{0BB2C725-F895-48C1-A520-A0BCB53C1807}.Release|Any CPU.Build.0 = Release|Any CPU
	EndGlobalSection
	GlobalSection(SolutionProperties) = preSolution
		HideSolutionNode = FALSE
	EndGlobalSection
	GlobalSection(ExtensibilityGlobals) = postSolution
		SolutionGuid = {07C57549-8260-44C6-9450-CF8E8FA1C349}
	EndGlobalSection
EndGlobal
