
Microsoft Visual Studio Solution File, Format Version 12.00
# Visual Studio Version 17
VisualStudioVersion = 17.10.34607.79
MinimumVisualStudioVersion = 10.0.40219.1
Project("{FAE04EC0-301F-11D3-BF4B-00C04F79EFBC}") = "Cajero", "Cajero\Cajero.csproj", "{316A423B-55F6-4846-B501-70354A838CDF}"
EndProject
Global
	GlobalSection(SolutionConfigurationPlatforms) = preSolution
		Debug|Any CPU = Debug|Any CPU
		Release|Any CPU = Release|Any CPU
	EndGlobalSection
	GlobalSection(ProjectConfigurationPlatforms) = postSolution
		{316A423B-55F6-4846-B501-70354A838CDF}.Debug|Any CPU.ActiveCfg = Debug|Any CPU
		{316A423B-55F6-4846-B501-70354A838CDF}.Debug|Any CPU.Build.0 = Debug|Any CPU
		{316A423B-55F6-4846-B501-70354A838CDF}.Release|Any CPU.ActiveCfg = Release|Any CPU
		{316A423B-55F6-4846-B501-70354A838CDF}.Release|Any CPU.Build.0 = Release|Any CPU
	EndGlobalSection
	GlobalSection(SolutionProperties) = preSolution
		HideSolutionNode = FALSE
	EndGlobalSection
	GlobalSection(ExtensibilityGlobals) = postSolution
		SolutionGuid = {1E853385-DB81-4CDC-9A68-55028D044760}
	EndGlobalSection
EndGlobal
