
Microsoft Visual Studio Solution File, Format Version 12.00
# Visual Studio Version 17
VisualStudioVersion = 17.10.34607.79
MinimumVisualStudioVersion = 10.0.40219.1
Project("{FAE04EC0-301F-11D3-BF4B-00C04F79EFBC}") = "Semana 11", "Semana 11\Semana 11.csproj", "{3B7B46FB-59F6-4662-B053-0198734FDD87}"
EndProject
Global
	GlobalSection(SolutionConfigurationPlatforms) = preSolution
		Debug|Any CPU = Debug|Any CPU
		Release|Any CPU = Release|Any CPU
	EndGlobalSection
	GlobalSection(ProjectConfigurationPlatforms) = postSolution
		{3B7B46FB-59F6-4662-B053-0198734FDD87}.Debug|Any CPU.ActiveCfg = Debug|Any CPU
		{3B7B46FB-59F6-4662-B053-0198734FDD87}.Debug|Any CPU.Build.0 = Debug|Any CPU
		{3B7B46FB-59F6-4662-B053-0198734FDD87}.Release|Any CPU.ActiveCfg = Release|Any CPU
		{3B7B46FB-59F6-4662-B053-0198734FDD87}.Release|Any CPU.Build.0 = Release|Any CPU
	EndGlobalSection
	GlobalSection(SolutionProperties) = preSolution
		HideSolutionNode = FALSE
	EndGlobalSection
	GlobalSection(ExtensibilityGlobals) = postSolution
		SolutionGuid = {6BB09213-BF5A-45A2-9EB1-3FF07600A442}
	EndGlobalSection
EndGlobal
